
Microsoft Visual Studio Solution File, Format Version 12.00
# Visual Studio Version 17
VisualStudioVersion = 17.5.002.0
MinimumVisualStudioVersion = 10.0.40219.1
Project("{9A19103F-16F7-4668-BE54-9A1E7A4F7556}") = "JobentryMvcApp", "JobentryMvcApp.csproj", "{755B7278-FCC7-40D1-A617-852F08BA7D51}"
EndProject
Global
	GlobalSection(SolutionConfigurationPlatforms) = preSolution
		Debug|Any CPU = Debug|Any CPU
		Release|Any CPU = Release|Any CPU
	EndGlobalSection
	GlobalSection(ProjectConfigurationPlatforms) = postSolution
		{755B7278-FCC7-40D1-A617-852F08BA7D51}.Debug|Any CPU.ActiveCfg = Debug|Any CPU
		{755B7278-FCC7-40D1-A617-852F08BA7D51}.Debug|Any CPU.Build.0 = Debug|Any CPU
		{755B7278-FCC7-40D1-A617-852F08BA7D51}.Release|Any CPU.ActiveCfg = Release|Any CPU
		{755B7278-FCC7-40D1-A617-852F08BA7D51}.Release|Any CPU.Build.0 = Release|Any CPU
	EndGlobalSection
	GlobalSection(SolutionProperties) = preSolution
		HideSolutionNode = FALSE
	EndGlobalSection
	GlobalSection(ExtensibilityGlobals) = postSolution
		SolutionGuid = {FFEB005C-C1D8-48A8-8345-181C5B22D645}
	EndGlobalSection
EndGlobal
