
Microsoft Visual Studio Solution File, Format Version 12.00
# Visual Studio Version 17
VisualStudioVersion = 17.5.002.0
MinimumVisualStudioVersion = 10.0.40219.1
Project("{9A19103F-16F7-4668-BE54-9A1E7A4F7556}") = "Soru4", "Soru4.csproj", "{AC9DE6FA-B6EC-4ED9-89C2-8FE50D2814D6}"
EndProject
Global
	GlobalSection(SolutionConfigurationPlatforms) = preSolution
		Debug|Any CPU = Debug|Any CPU
		Release|Any CPU = Release|Any CPU
	EndGlobalSection
	GlobalSection(ProjectConfigurationPlatforms) = postSolution
		{AC9DE6FA-B6EC-4ED9-89C2-8FE50D2814D6}.Debug|Any CPU.ActiveCfg = Debug|Any CPU
		{AC9DE6FA-B6EC-4ED9-89C2-8FE50D2814D6}.Debug|Any CPU.Build.0 = Debug|Any CPU
		{AC9DE6FA-B6EC-4ED9-89C2-8FE50D2814D6}.Release|Any CPU.ActiveCfg = Release|Any CPU
		{AC9DE6FA-B6EC-4ED9-89C2-8FE50D2814D6}.Release|Any CPU.Build.0 = Release|Any CPU
	EndGlobalSection
	GlobalSection(SolutionProperties) = preSolution
		HideSolutionNode = FALSE
	EndGlobalSection
	GlobalSection(ExtensibilityGlobals) = postSolution
		SolutionGuid = {F9A3711B-0F3A-4182-B722-151F17C267B5}
	EndGlobalSection
EndGlobal
