
Microsoft Visual Studio Solution File, Format Version 12.00
# Visual Studio Version 17
VisualStudioVersion = 17.5.002.0
MinimumVisualStudioVersion = 10.0.40219.1
Project("{9A19103F-16F7-4668-BE54-9A1E7A4F7556}") = "Soru17", "Soru17.csproj", "{83BC7397-448E-46AC-9757-837624423AD1}"
EndProject
Global
	GlobalSection(SolutionConfigurationPlatforms) = preSolution
		Debug|Any CPU = Debug|Any CPU
		Release|Any CPU = Release|Any CPU
	EndGlobalSection
	GlobalSection(ProjectConfigurationPlatforms) = postSolution
		{83BC7397-448E-46AC-9757-837624423AD1}.Debug|Any CPU.ActiveCfg = Debug|Any CPU
		{83BC7397-448E-46AC-9757-837624423AD1}.Debug|Any CPU.Build.0 = Debug|Any CPU
		{83BC7397-448E-46AC-9757-837624423AD1}.Release|Any CPU.ActiveCfg = Release|Any CPU
		{83BC7397-448E-46AC-9757-837624423AD1}.Release|Any CPU.Build.0 = Release|Any CPU
	EndGlobalSection
	GlobalSection(SolutionProperties) = preSolution
		HideSolutionNode = FALSE
	EndGlobalSection
	GlobalSection(ExtensibilityGlobals) = postSolution
		SolutionGuid = {484D577D-F2CC-49D6-A160-71BAA9A12C51}
	EndGlobalSection
EndGlobal
