
Microsoft Visual Studio Solution File, Format Version 12.00
# Visual Studio Version 17
VisualStudioVersion = 17.5.002.0
MinimumVisualStudioVersion = 10.0.40219.1
Project("{9A19103F-16F7-4668-BE54-9A1E7A4F7556}") = "Soru10", "Soru10.csproj", "{A2C0646E-C327-44AF-ABA7-3EB22B570FC1}"
EndProject
Global
	GlobalSection(SolutionConfigurationPlatforms) = preSolution
		Debug|Any CPU = Debug|Any CPU
		Release|Any CPU = Release|Any CPU
	EndGlobalSection
	GlobalSection(ProjectConfigurationPlatforms) = postSolution
		{A2C0646E-C327-44AF-ABA7-3EB22B570FC1}.Debug|Any CPU.ActiveCfg = Debug|Any CPU
		{A2C0646E-C327-44AF-ABA7-3EB22B570FC1}.Debug|Any CPU.Build.0 = Debug|Any CPU
		{A2C0646E-C327-44AF-ABA7-3EB22B570FC1}.Release|Any CPU.ActiveCfg = Release|Any CPU
		{A2C0646E-C327-44AF-ABA7-3EB22B570FC1}.Release|Any CPU.Build.0 = Release|Any CPU
	EndGlobalSection
	GlobalSection(SolutionProperties) = preSolution
		HideSolutionNode = FALSE
	EndGlobalSection
	GlobalSection(ExtensibilityGlobals) = postSolution
		SolutionGuid = {4EAA3F4A-E211-426E-B800-FCE69B55E666}
	EndGlobalSection
EndGlobal
